// !$*UTF8*$!
{
	archiveVersion = 1;
	classes = {
	};
	objectVersion = 50;
	objects = {

/* Begin PBXBuildFile section */
		D8516F07249320FA0026419D /* example.cpp in Sources */ = {isa = PBXBuildFile; fileRef = D8516F03249320FA0026419D /* example.cpp */; };
/* End PBXBuildFile section */

/* Begin PBXCopyFilesBuildPhase section */
		D8E4EE0E24931A3A007CF6AE /* CopyFiles */ = {
			isa = PBXCopyFilesBuildPhase;
			buildActionMask = 2147483647;
			dstPath = /usr/share/man/man1/;
			dstSubfolderSpec = 0;
			files = (
			);
			runOnlyForDeploymentPostprocessing = 1;
		};
/* End PBXCopyFilesBuildPhase section */

/* Begin PBXFileReference section */
		D8516EF524931E940026419D /* linenoise.hpp */ = {isa = PBXFileReference; indentWidth = 2; lastKnownFileType = sourcecode.cpp.h; path = linenoise.hpp; sourceTree = "<group>"; tabWidth = 2; };
		D8516EF724931E940026419D /* LICENSE */ = {isa = PBXFileReference; lastKnownFileType = text; path = LICENSE; sourceTree = "<group>"; };
		D8516EF824931E940026419D /* README.md */ = {isa = PBXFileReference; lastKnownFileType = net.daringfireball.markdown; path = README.md; sourceTree = "<group>"; };
		D8516F03249320FA0026419D /* example.cpp */ = {isa = PBXFileReference; fileEncoding = 4; lastKnownFileType = sourcecode.cpp.cpp; path = example.cpp; sourceTree = "<group>"; };
		D8516F04249320FA0026419D /* CMakeLists.txt */ = {isa = PBXFileReference; fileEncoding = 4; lastKnownFileType = text; path = CMakeLists.txt; sourceTree = "<group>"; };
		D8516F05249320FA0026419D /* example.sln */ = {isa = PBXFileReference; fileEncoding = 4; lastKnownFileType = text; path = example.sln; sourceTree = "<group>"; };
		D8516F06249320FA0026419D /* example.vcxproj */ = {isa = PBXFileReference; fileEncoding = 4; lastKnownFileType = text.xml; path = example.vcxproj; sourceTree = "<group>"; };
		D8516F09249322230026419D /* winnoise.hpp */ = {isa = PBXFileReference; fileEncoding = 4; lastKnownFileType = sourcecode.cpp.h; path = winnoise.hpp; sourceTree = "<group>"; };
		D8E4EE1024931A3A007CF6AE /* linenoise */ = {isa = PBXFileReference; explicitFileType = "compiled.mach-o.executable"; includeInIndex = 0; path = linenoise; sourceTree = BUILT_PRODUCTS_DIR; };
/* End PBXFileReference section */

/* Begin PBXFrameworksBuildPhase section */
		D8E4EE0D24931A3A007CF6AE /* Frameworks */ = {
			isa = PBXFrameworksBuildPhase;
			buildActionMask = 2147483647;
			files = (
			);
			runOnlyForDeploymentPostprocessing = 0;
		};
/* End PBXFrameworksBuildPhase section */

/* Begin PBXGroup section */
		D8516F02249320FA0026419D /* example */ = {
			isa = PBXGroup;
			children = (
				D8516F03249320FA0026419D /* example.cpp */,
				D8516F04249320FA0026419D /* CMakeLists.txt */,
				D8516F05249320FA0026419D /* example.sln */,
				D8516F06249320FA0026419D /* example.vcxproj */,
			);
			path = example;
			sourceTree = "<group>";
		};
		D8516F08249321C50026419D /* win32 */ = {
			isa = PBXGroup;
			children = (
				D8516F09249322230026419D /* winnoise.hpp */,
			);
			path = win32;
			sourceTree = "<group>";
		};
		D8E4EE0724931A3A007CF6AE = {
			isa = PBXGroup;
			children = (
				D8516F02249320FA0026419D /* example */,
				D8E4EE1224931A3A007CF6AE /* linenoise */,
				D8E4EE1124931A3A007CF6AE /* Products */,
			);
			sourceTree = "<group>";
		};
		D8E4EE1124931A3A007CF6AE /* Products */ = {
			isa = PBXGroup;
			children = (
				D8E4EE1024931A3A007CF6AE /* linenoise */,
			);
			name = Products;
			sourceTree = "<group>";
		};
		D8E4EE1224931A3A007CF6AE /* linenoise */ = {
			isa = PBXGroup;
			children = (
				D8516EF724931E940026419D /* LICENSE */,
				D8516EF524931E940026419D /* linenoise.hpp */,
				D8516F08249321C50026419D /* win32 */,
				D8516EF824931E940026419D /* README.md */,
			);
			path = linenoise;
			sourceTree = "<group>";
		};
/* End PBXGroup section */

/* Begin PBXNativeTarget section */
		D8E4EE0F24931A3A007CF6AE /* linenoise */ = {
			isa = PBXNativeTarget;
			buildConfigurationList = D8E4EE1724931A3A007CF6AE /* Build configuration list for PBXNativeTarget "linenoise" */;
			buildPhases = (
				D8E4EE0C24931A3A007CF6AE /* Sources */,
				D8E4EE0D24931A3A007CF6AE /* Frameworks */,
				D8E4EE0E24931A3A007CF6AE /* CopyFiles */,
			);
			buildRules = (
			);
			dependencies = (
			);
			name = linenoise;
			productName = linenoise;
			productReference = D8E4EE1024931A3A007CF6AE /* linenoise */;
			productType = "com.apple.product-type.tool";
		};
/* End PBXNativeTarget section */

/* Begin PBXProject section */
		D8E4EE0824931A3A007CF6AE /* Project object */ = {
			isa = PBXProject;
			attributes = {
				LastUpgradeCheck = 1150;
				ORGANIZATIONNAME = viraltaco;
				TargetAttributes = {
					D8E4EE0F24931A3A007CF6AE = {
						CreatedOnToolsVersion = 11.5;
					};
				};
			};
			buildConfigurationList = D8E4EE0B24931A3A007CF6AE /* Build configuration list for PBXProject "linenoise" */;
			compatibilityVersion = "Xcode 9.3";
			developmentRegion = en;
			hasScannedForEncodings = 0;
			knownRegions = (
				en,
				Base,
			);
			mainGroup = D8E4EE0724931A3A007CF6AE;
			productRefGroup = D8E4EE1124931A3A007CF6AE /* Products */;
			projectDirPath = "";
			projectRoot = "";
			targets = (
				D8E4EE0F24931A3A007CF6AE /* linenoise */,
			);
		};
/* End PBXProject section */

/* Begin PBXSourcesBuildPhase section */
		D8E4EE0C24931A3A007CF6AE /* Sources */ = {
			isa = PBXSourcesBuildPhase;
			buildActionMask = 2147483647;
			files = (
				D8516F07249320FA0026419D /* example.cpp in Sources */,
			);
			runOnlyForDeploymentPostprocessing = 0;
		};
/* End PBXSourcesBuildPhase section */

/* Begin XCBuildConfiguration section */
		D8E4EE1524931A3A007CF6AE /* Debug */ = {
			isa = XCBuildConfiguration;
			buildSettings = {
				ALWAYS_SEARCH_USER_PATHS = NO;
				CLANG_ANALYZER_NONNULL = YES;
				CLANG_ANALYZER_NUMBER_OBJECT_CONVERSION = YES_AGGRESSIVE;
				CLANG_CXX_LANGUAGE_STANDARD = "gnu++14";
				CLANG_CXX_LIBRARY = "libc++";
				CLANG_ENABLE_MODULES = YES;
				CLANG_ENABLE_OBJC_ARC = YES;
				CLANG_ENABLE_OBJC_WEAK = YES;
				CLANG_WARN_BLOCK_CAPTURE_AUTORELEASING = YES;
				CLANG_WARN_BOOL_CONVERSION = YES;
				CLANG_WARN_COMMA = YES;
				CLANG_WARN_CONSTANT_CONVERSION = YES;
				CLANG_WARN_DEPRECATED_OBJC_IMPLEMENTATIONS = YES;
				CLANG_WARN_DIRECT_OBJC_ISA_USAGE = YES_ERROR;
				CLANG_WARN_DOCUMENTATION_COMMENTS = YES;
				CLANG_WARN_EMPTY_BODY = YES;
				CLANG_WARN_ENUM_CONVERSION = YES;
				CLANG_WARN_INFINITE_RECURSION = YES;
				CLANG_WARN_INT_CONVERSION = YES;
				CLANG_WARN_NON_LITERAL_NULL_CONVERSION = YES;
				CLANG_WARN_OBJC_IMPLICIT_RETAIN_SELF = YES;
				CLANG_WARN_OBJC_LITERAL_CONVERSION = YES;
				CLANG_WARN_OBJC_ROOT_CLASS = YES_ERROR;
				CLANG_WARN_RANGE_LOOP_ANALYSIS = YES;
				CLANG_WARN_STRICT_PROTOTYPES = YES;
				CLANG_WARN_SUSPICIOUS_MOVE = YES;
				CLANG_WARN_UNGUARDED_AVAILABILITY = YES_AGGRESSIVE;
				CLANG_WARN_UNREACHABLE_CODE = YES;
				CLANG_WARN__DUPLICATE_METHOD_MATCH = YES;
				COPY_PHASE_STRIP = NO;
				DEBUG_INFORMATION_FORMAT = dwarf;
				ENABLE_STRICT_OBJC_MSGSEND = YES;
				ENABLE_TESTABILITY = YES;
				GCC_C_LANGUAGE_STANDARD = gnu11;
				GCC_DYNAMIC_NO_PIC = NO;
				GCC_NO_COMMON_BLOCKS = YES;
				GCC_OPTIMIZATION_LEVEL = 0;
				GCC_PREPROCESSOR_DEFINITIONS = (
					"DEBUG=1",
					"$(inherited)",
				);
				GCC_WARN_64_TO_32_BIT_CONVERSION = YES;
				GCC_WARN_ABOUT_RETURN_TYPE = YES_ERROR;
				GCC_WARN_UNDECLARED_SELECTOR = YES;
				GCC_WARN_UNINITIALIZED_AUTOS = YES_AGGRESSIVE;
				GCC_WARN_UNUSED_FUNCTION = YES;
				GCC_WARN_UNUSED_VARIABLE = YES;
				MACOSX_DEPLOYMENT_TARGET = 10.15;
				MTL_ENABLE_DEBUG_INFO = INCLUDE_SOURCE;
				MTL_FAST_MATH = YES;
				ONLY_ACTIVE_ARCH = YES;
				SDKROOT = macosx;
			};
			name = Debug;
		};
		D8E4EE1624931A3A007CF6AE /* Release */ = {
			isa = XCBuildConfiguration;
			buildSettings = {
				ALWAYS_SEARCH_USER_PATHS = NO;
				CLANG_ANALYZER_NONNULL = YES;
				CLANG_ANALYZER_NUMBER_OBJECT_CONVERSION = YES_AGGRESSIVE;
				CLANG_CXX_LANGUAGE_STANDARD = "gnu++14";
				CLANG_CXX_LIBRARY = "libc++";
				CLANG_ENABLE_MODULES = YES;
				CLANG_ENABLE_OBJC_ARC = YES;
				CLANG_ENABLE_OBJC_WEAK = YES;
				CLANG_WARN_BLOCK_CAPTURE_AUTORELEASING = YES;
				CLANG_WARN_BOOL_CONVERSION = YES;
				CLANG_WARN_COMMA = YES;
				CLANG_WARN_CONSTANT_CONVERSION = YES;
				CLANG_WARN_DEPRECATED_OBJC_IMPLEMENTATIONS = YES;
				CLANG_WARN_DIRECT_OBJC_ISA_USAGE = YES_ERROR;
				CLANG_WARN_DOCUMENTATION_COMMENTS = YES;
				CLANG_WARN_EMPTY_BODY = YES;
				CLANG_WARN_ENUM_CONVERSION = YES;
				CLANG_WARN_INFINITE_RECURSION = YES;
				CLANG_WARN_INT_CONVERSION = YES;
				CLANG_WARN_NON_LITERAL_NULL_CONVERSION = YES;
				CLANG_WARN_OBJC_IMPLICIT_RETAIN_SELF = YES;
				CLANG_WARN_OBJC_LITERAL_CONVERSION = YES;
				CLANG_WARN_OBJC_ROOT_CLASS = YES_ERROR;
				CLANG_WARN_RANGE_LOOP_ANALYSIS = YES;
				CLANG_WARN_STRICT_PROTOTYPES = YES;
				CLANG_WARN_SUSPICIOUS_MOVE = YES;
				CLANG_WARN_UNGUARDED_AVAILABILITY = YES_AGGRESSIVE;
				CLANG_WARN_UNREACHABLE_CODE = YES;
				CLANG_WARN__DUPLICATE_METHOD_MATCH = YES;
				COPY_PHASE_STRIP = NO;
				DEBUG_INFORMATION_FORMAT = "dwarf-with-dsym";
				ENABLE_NS_ASSERTIONS = NO;
				ENABLE_STRICT_OBJC_MSGSEND = YES;
				GCC_C_LANGUAGE_STANDARD = gnu11;
				GCC_NO_COMMON_BLOCKS = YES;
				GCC_WARN_64_TO_32_BIT_CONVERSION = YES;
				GCC_WARN_ABOUT_RETURN_TYPE = YES_ERROR;
				GCC_WARN_UNDECLARED_SELECTOR = YES;
				GCC_WARN_UNINITIALIZED_AUTOS = YES_AGGRESSIVE;
				GCC_WARN_UNUSED_FUNCTION = YES;
				GCC_WARN_UNUSED_VARIABLE = YES;
				MACOSX_DEPLOYMENT_TARGET = 10.15;
				MTL_ENABLE_DEBUG_INFO = NO;
				MTL_FAST_MATH = YES;
				SDKROOT = macosx;
			};
			name = Release;
		};
		D8E4EE1824931A3A007CF6AE /* Debug */ = {
			isa = XCBuildConfiguration;
			buildSettings = {
				CODE_SIGN_STYLE = Automatic;
				DEVELOPMENT_TEAM = 88L87CZSR7;
				ENABLE_HARDENED_RUNTIME = YES;
				PRODUCT_NAME = "$(TARGET_NAME)";
			};
			name = Debug;
		};
		D8E4EE1924931A3A007CF6AE /* Release */ = {
			isa = XCBuildConfiguration;
			buildSettings = {
				CODE_SIGN_STYLE = Automatic;
				DEVELOPMENT_TEAM = 88L87CZSR7;
				ENABLE_HARDENED_RUNTIME = YES;
				PRODUCT_NAME = "$(TARGET_NAME)";
			};
			name = Release;
		};
/* End XCBuildConfiguration section */

/* Begin XCConfigurationList section */
		D8E4EE0B24931A3A007CF6AE /* Build configuration list for PBXProject "linenoise" */ = {
			isa = XCConfigurationList;
			buildConfigurations = (
				D8E4EE1524931A3A007CF6AE /* Debug */,
				D8E4EE1624931A3A007CF6AE /* Release */,
			);
			defaultConfigurationIsVisible = 0;
			defaultConfigurationName = Release;
		};
		D8E4EE1724931A3A007CF6AE /* Build configuration list for PBXNativeTarget "linenoise" */ = {
			isa = XCConfigurationList;
			buildConfigurations = (
				D8E4EE1824931A3A007CF6AE /* Debug */,
				D8E4EE1924931A3A007CF6AE /* Release */,
			);
			defaultConfigurationIsVisible = 0;
			defaultConfigurationName = Release;
		};
/* End XCConfigurationList section */
	};
	rootObject = D8E4EE0824931A3A007CF6AE /* Project object */;
}
